
Microsoft Visual Studio Solution File, Format Version 12.00
# Visual Studio Version 17
VisualStudioVersion = 17.11.35312.102
MinimumVisualStudioVersion = 10.0.40219.1
Project("{FAE04EC0-301F-11D3-BF4B-00C04F79EFBC}") = "Full_EX", "Full_EX\Full_EX.csproj", "{339DFAAA-7B0E-441F-B02D-D840BA611C3A}"
EndProject
Global
	GlobalSection(SolutionConfigurationPlatforms) = preSolution
		Debug|Any CPU = Debug|Any CPU
		Release|Any CPU = Release|Any CPU
	EndGlobalSection
	GlobalSection(ProjectConfigurationPlatforms) = postSolution
		{339DFAAA-7B0E-441F-B02D-D840BA611C3A}.Debug|Any CPU.ActiveCfg = Debug|Any CPU
		{339DFAAA-7B0E-441F-B02D-D840BA611C3A}.Debug|Any CPU.Build.0 = Debug|Any CPU
		{339DFAAA-7B0E-441F-B02D-D840BA611C3A}.Release|Any CPU.ActiveCfg = Release|Any CPU
		{339DFAAA-7B0E-441F-B02D-D840BA611C3A}.Release|Any CPU.Build.0 = Release|Any CPU
	EndGlobalSection
	GlobalSection(SolutionProperties) = preSolution
		HideSolutionNode = FALSE
	EndGlobalSection
	GlobalSection(ExtensibilityGlobals) = postSolution
		SolutionGuid = {2BEFE84A-D2B8-4E5E-AD3B-0F8C1403632C}
	EndGlobalSection
EndGlobal
